{
  "name": "@wangminhei/tea-xyz-quest",
  "version": "1.0.0",
  "lockfileVersion": 3,
  "requires": true,
  "packages": {
    "": {
      "name": "@wangminhei/tea-xyz-quest",
      "version": "1.0.0",
      "license": "ISC",
      "dependencies": {
        "@wangminhei/tea-xyz-quest": "^1.0.0"
      }
    },
    "node_modules/@wangminhei/tea-xyz-quest": {
      "version": "1.0.0",
      "resolved": "https://registry.npmjs.org/@wangminhei/tea-xyz-quest/-/tea-xyz-quest-1.0.0.tgz",
      "integrity": "sha512-my+5GjsYNRBKhQ0BZKhYRVUZt+iGEkD0olgfoXdUWe89jZcPBPX7x2CD3BQKm3pqpMdAqjbOCg0G+f4NWPXvJQ=="
    }
  }
}
